
Microsoft Visual Studio Solution File, Format Version 11.00
# Visual Studio 2010
Project("{FAE04EC0-301F-11D3-BF4B-00C04F79EFBC}") = "tdbadmin", "tdbadmin\tdbadmin.csproj", "{9DFEC2AC-5AA3-4AE3-8F70-8654A7559D0A}"
	ProjectSection(ProjectDependencies) = postProject
		{A34AD1BE-4E7E-4F42-A1EC-50A3D14FADA1} = {A34AD1BE-4E7E-4F42-A1EC-50A3D14FADA1}
		{BEB1AFB6-79D6-4DEE-BDA2-99D0A04F7013} = {BEB1AFB6-79D6-4DEE-BDA2-99D0A04F7013}
		{B11633A2-2A1A-4EF6-8125-069C1F42F026} = {B11633A2-2A1A-4EF6-8125-069C1F42F026}
	EndProjectSection
EndProject
Project("{FAE04EC0-301F-11D3-BF4B-00C04F79EFBC}") = "tdb", "tdb\tdb.csproj", "{B11633A2-2A1A-4EF6-8125-069C1F42F026}"
	ProjectSection(ProjectDependencies) = postProject
		{DA067554-A2D2-4F3F-BD53-0125DBAB5991} = {DA067554-A2D2-4F3F-BD53-0125DBAB5991}
	EndProjectSection
EndProject
Project("{FAE04EC0-301F-11D3-BF4B-00C04F79EFBC}") = "tdbgui", "tdbgui\tdbgui.csproj", "{A34AD1BE-4E7E-4F42-A1EC-50A3D14FADA1}"
EndProject
Project("{FAE04EC0-301F-11D3-BF4B-00C04F79EFBC}") = "tdbds", "tdbds\tdbds.csproj", "{DA067554-A2D2-4F3F-BD53-0125DBAB5991}"
EndProject
Project("{FAE04EC0-301F-11D3-BF4B-00C04F79EFBC}") = "foundation", "..\common\foundation.csproj", "{BEB1AFB6-79D6-4DEE-BDA2-99D0A04F7013}"
EndProject
Project("{FAE04EC0-301F-11D3-BF4B-00C04F79EFBC}") = "tdbtest", "testsuite\tdbtest.csproj", "{AE67EE0A-B0F3-4ED0-B79B-80C6C1EC3B29}"
EndProject
Global
	GlobalSection(SolutionConfigurationPlatforms) = preSolution
		Debug|Any CPU = Debug|Any CPU
		Release|Any CPU = Release|Any CPU
	EndGlobalSection
	GlobalSection(ProjectConfigurationPlatforms) = postSolution
		{9DFEC2AC-5AA3-4AE3-8F70-8654A7559D0A}.Debug|Any CPU.ActiveCfg = Debug|Any CPU
		{9DFEC2AC-5AA3-4AE3-8F70-8654A7559D0A}.Debug|Any CPU.Build.0 = Debug|Any CPU
		{9DFEC2AC-5AA3-4AE3-8F70-8654A7559D0A}.Release|Any CPU.ActiveCfg = Release|Any CPU
		{9DFEC2AC-5AA3-4AE3-8F70-8654A7559D0A}.Release|Any CPU.Build.0 = Release|Any CPU
		{A34AD1BE-4E7E-4F42-A1EC-50A3D14FADA1}.Debug|Any CPU.ActiveCfg = Debug|Any CPU
		{A34AD1BE-4E7E-4F42-A1EC-50A3D14FADA1}.Debug|Any CPU.Build.0 = Debug|Any CPU
		{A34AD1BE-4E7E-4F42-A1EC-50A3D14FADA1}.Release|Any CPU.ActiveCfg = Release|Any CPU
		{A34AD1BE-4E7E-4F42-A1EC-50A3D14FADA1}.Release|Any CPU.Build.0 = Release|Any CPU
		{AE67EE0A-B0F3-4ED0-B79B-80C6C1EC3B29}.Debug|Any CPU.ActiveCfg = Debug|Any CPU
		{AE67EE0A-B0F3-4ED0-B79B-80C6C1EC3B29}.Debug|Any CPU.Build.0 = Debug|Any CPU
		{AE67EE0A-B0F3-4ED0-B79B-80C6C1EC3B29}.Release|Any CPU.ActiveCfg = Release|Any CPU
		{AE67EE0A-B0F3-4ED0-B79B-80C6C1EC3B29}.Release|Any CPU.Build.0 = Release|Any CPU
		{B11633A2-2A1A-4EF6-8125-069C1F42F026}.Debug|Any CPU.ActiveCfg = Debug|Any CPU
		{B11633A2-2A1A-4EF6-8125-069C1F42F026}.Debug|Any CPU.Build.0 = Debug|Any CPU
		{B11633A2-2A1A-4EF6-8125-069C1F42F026}.Release|Any CPU.ActiveCfg = Release|Any CPU
		{B11633A2-2A1A-4EF6-8125-069C1F42F026}.Release|Any CPU.Build.0 = Release|Any CPU
		{BEB1AFB6-79D6-4DEE-BDA2-99D0A04F7013}.Debug|Any CPU.ActiveCfg = Debug|Any CPU
		{BEB1AFB6-79D6-4DEE-BDA2-99D0A04F7013}.Debug|Any CPU.Build.0 = Debug|Any CPU
		{BEB1AFB6-79D6-4DEE-BDA2-99D0A04F7013}.Release|Any CPU.ActiveCfg = Release|Any CPU
		{BEB1AFB6-79D6-4DEE-BDA2-99D0A04F7013}.Release|Any CPU.Build.0 = Release|Any CPU
		{DA067554-A2D2-4F3F-BD53-0125DBAB5991}.Debug|Any CPU.ActiveCfg = Debug|Any CPU
		{DA067554-A2D2-4F3F-BD53-0125DBAB5991}.Debug|Any CPU.Build.0 = Debug|Any CPU
		{DA067554-A2D2-4F3F-BD53-0125DBAB5991}.Release|Any CPU.ActiveCfg = Release|Any CPU
		{DA067554-A2D2-4F3F-BD53-0125DBAB5991}.Release|Any CPU.Build.0 = Release|Any CPU
	EndGlobalSection
	GlobalSection(MonoDevelopProperties) = preSolution
		StartupItem = tdbadmin\tdbadmin.csproj
	EndGlobalSection
	GlobalSection(SolutionProperties) = preSolution
		HideSolutionNode = FALSE
	EndGlobalSection
EndGlobal
