Microsoft Visual Studio Solution File, Format Version 8.00
Project("{8BC9CEB8-8B4A-11D0-8D11-00A0C91BC942}") = "pssys", "pssys\pssys.vcproj", "{47B3BD22-82B6-4A99-8E7E-6B7DCC9E673F}"
	ProjectSection(ProjectDependencies) = postProject
	EndProjectSection
EndProject
Project("{8BC9CEB8-8B4A-11D0-8D11-00A0C91BC942}") = "psipc", "psipc\psipc.vcproj", "{A815DD75-44D5-4851-ABF7-3C89F88B2CBC}"
	ProjectSection(ProjectDependencies) = postProject
	EndProjectSection
EndProject
Project("{8BC9CEB8-8B4A-11D0-8D11-00A0C91BC942}") = "psserver", "psipc\testsuite\psserver\psserver.vcproj", "{EA586B1C-331E-4F59-BA13-A0F0E59B1366}"
	ProjectSection(ProjectDependencies) = postProject
		{47B3BD22-82B6-4A99-8E7E-6B7DCC9E673F} = {47B3BD22-82B6-4A99-8E7E-6B7DCC9E673F}
		{A815DD75-44D5-4851-ABF7-3C89F88B2CBC} = {A815DD75-44D5-4851-ABF7-3C89F88B2CBC}
	EndProjectSection
EndProject
Project("{8BC9CEB8-8B4A-11D0-8D11-00A0C91BC942}") = "psclient-cons", "psipc\testsuite\psclient-cons\psclient-cons.vcproj", "{F1444DFC-C0A1-4987-839C-101A06C7A3DD}"
	ProjectSection(ProjectDependencies) = postProject
		{47B3BD22-82B6-4A99-8E7E-6B7DCC9E673F} = {47B3BD22-82B6-4A99-8E7E-6B7DCC9E673F}
		{A815DD75-44D5-4851-ABF7-3C89F88B2CBC} = {A815DD75-44D5-4851-ABF7-3C89F88B2CBC}
	EndProjectSection
EndProject
Global
	GlobalSection(SolutionConfiguration) = preSolution
		Debug = Debug
		Release = Release
	EndGlobalSection
	GlobalSection(ProjectConfiguration) = postSolution
		{47B3BD22-82B6-4A99-8E7E-6B7DCC9E673F}.Debug.ActiveCfg = Debug|Win32
		{47B3BD22-82B6-4A99-8E7E-6B7DCC9E673F}.Debug.Build.0 = Debug|Win32
		{47B3BD22-82B6-4A99-8E7E-6B7DCC9E673F}.Release.ActiveCfg = Release|Win32
		{47B3BD22-82B6-4A99-8E7E-6B7DCC9E673F}.Release.Build.0 = Release|Win32
		{A815DD75-44D5-4851-ABF7-3C89F88B2CBC}.Debug.ActiveCfg = Debug|Win32
		{A815DD75-44D5-4851-ABF7-3C89F88B2CBC}.Debug.Build.0 = Debug|Win32
		{A815DD75-44D5-4851-ABF7-3C89F88B2CBC}.Release.ActiveCfg = Release|Win32
		{A815DD75-44D5-4851-ABF7-3C89F88B2CBC}.Release.Build.0 = Release|Win32
		{EA586B1C-331E-4F59-BA13-A0F0E59B1366}.Debug.ActiveCfg = Debug|Win32
		{EA586B1C-331E-4F59-BA13-A0F0E59B1366}.Debug.Build.0 = Debug|Win32
		{EA586B1C-331E-4F59-BA13-A0F0E59B1366}.Release.ActiveCfg = Release|Win32
		{EA586B1C-331E-4F59-BA13-A0F0E59B1366}.Release.Build.0 = Release|Win32
		{F1444DFC-C0A1-4987-839C-101A06C7A3DD}.Debug.ActiveCfg = Debug|Win32
		{F1444DFC-C0A1-4987-839C-101A06C7A3DD}.Debug.Build.0 = Debug|Win32
		{F1444DFC-C0A1-4987-839C-101A06C7A3DD}.Release.ActiveCfg = Release|Win32
		{F1444DFC-C0A1-4987-839C-101A06C7A3DD}.Release.Build.0 = Release|Win32
	EndGlobalSection
	GlobalSection(ExtensibilityGlobals) = postSolution
	EndGlobalSection
	GlobalSection(ExtensibilityAddIns) = postSolution
	EndGlobalSection
EndGlobal
